
Microsoft Visual Studio Solution File, Format Version 12.00
# Visual Studio Version 16
VisualStudioVersion = 16.0.30804.86
MinimumVisualStudioVersion = 10.0.40219.1
Project("{FAE04EC0-301F-11D3-BF4B-00C04F79EFBC}") = "ClientChatApp_028_KhumairiZulhizmarch", "ClientChatApp_028_KhumairiZulhizmarch\ClientChatApp_028_KhumairiZulhizmarch.csproj", "{EE8A2F12-179B-49CC-B3E6-E3B2C306F7C9}"
EndProject
Global
	GlobalSection(SolutionConfigurationPlatforms) = preSolution
		Debug|Any CPU = Debug|Any CPU
		Release|Any CPU = Release|Any CPU
	EndGlobalSection
	GlobalSection(ProjectConfigurationPlatforms) = postSolution
		{EE8A2F12-179B-49CC-B3E6-E3B2C306F7C9}.Debug|Any CPU.ActiveCfg = Debug|Any CPU
		{EE8A2F12-179B-49CC-B3E6-E3B2C306F7C9}.Debug|Any CPU.Build.0 = Debug|Any CPU
		{EE8A2F12-179B-49CC-B3E6-E3B2C306F7C9}.Release|Any CPU.ActiveCfg = Release|Any CPU
		{EE8A2F12-179B-49CC-B3E6-E3B2C306F7C9}.Release|Any CPU.Build.0 = Release|Any CPU
	EndGlobalSection
	GlobalSection(SolutionProperties) = preSolution
		HideSolutionNode = FALSE
	EndGlobalSection
	GlobalSection(ExtensibilityGlobals) = postSolution
		SolutionGuid = {12C435D6-6D28-444D-AD4C-2CF2A2D549F9}
	EndGlobalSection
EndGlobal
